
Microsoft Visual Studio Solution File, Format Version 12.00
# Visual Studio 2017
Project("{FAE04EC0-301F-11D3-BF4B-00C04F79EFBC}") = "3dRPG", "3dRPG.csproj", "{3F59996C-A261-CC41-C562-C91ED40820D1}"
EndProject
Project("{FAE04EC0-301F-11D3-BF4B-00C04F79EFBC}") = "3dRPG.Editor", "3dRPG.Editor.csproj", "{773EC0B5-FDC0-7942-18DD-6C056B6E7E04}"
EndProject
Global
	GlobalSection(SolutionConfigurationPlatforms) = preSolution
		Debug|Any CPU = Debug|Any CPU
		Release|Any CPU = Release|Any CPU
	EndGlobalSection
	GlobalSection(ProjectConfigurationPlatforms) = postSolution
		{3F59996C-A261-CC41-C562-C91ED40820D1}.Debug|Any CPU.ActiveCfg = Debug|Any CPU
		{3F59996C-A261-CC41-C562-C91ED40820D1}.Debug|Any CPU.Build.0 = Debug|Any CPU
		{3F59996C-A261-CC41-C562-C91ED40820D1}.Release|Any CPU.ActiveCfg = Release|Any CPU
		{3F59996C-A261-CC41-C562-C91ED40820D1}.Release|Any CPU.Build.0 = Release|Any CPU
		{773EC0B5-FDC0-7942-18DD-6C056B6E7E04}.Debug|Any CPU.ActiveCfg = Debug|Any CPU
		{773EC0B5-FDC0-7942-18DD-6C056B6E7E04}.Debug|Any CPU.Build.0 = Debug|Any CPU
		{773EC0B5-FDC0-7942-18DD-6C056B6E7E04}.Release|Any CPU.ActiveCfg = Release|Any CPU
		{773EC0B5-FDC0-7942-18DD-6C056B6E7E04}.Release|Any CPU.Build.0 = Release|Any CPU
	EndGlobalSection
	GlobalSection(SolutionProperties) = preSolution
		HideSolutionNode = FALSE
	EndGlobalSection
EndGlobal
